
Microsoft Visual Studio Solution File, Format Version 12.00
# Visual Studio Version 17
VisualStudioVersion = 17.6.33829.357
MinimumVisualStudioVersion = 10.0.40219.1
Project("{FAE04EC0-301F-11D3-BF4B-00C04F79EFBC}") = "FIT5032_FileUpload", "FIT5032_FileUpload.csproj", "{33F9B305-890A-4270-8155-6C8995FB0451}"
EndProject
Global
	GlobalSection(SolutionConfigurationPlatforms) = preSolution
		Debug|Any CPU = Debug|Any CPU
		Release|Any CPU = Release|Any CPU
	EndGlobalSection
	GlobalSection(ProjectConfigurationPlatforms) = postSolution
		{33F9B305-890A-4270-8155-6C8995FB0451}.Debug|Any CPU.ActiveCfg = Debug|Any CPU
		{33F9B305-890A-4270-8155-6C8995FB0451}.Debug|Any CPU.Build.0 = Debug|Any CPU
		{33F9B305-890A-4270-8155-6C8995FB0451}.Release|Any CPU.ActiveCfg = Release|Any CPU
		{33F9B305-890A-4270-8155-6C8995FB0451}.Release|Any CPU.Build.0 = Release|Any CPU
	EndGlobalSection
	GlobalSection(SolutionProperties) = preSolution
		HideSolutionNode = FALSE
	EndGlobalSection
	GlobalSection(ExtensibilityGlobals) = postSolution
		SolutionGuid = {527507A9-B84D-4E13-9BCE-BA7DB0BB5FB6}
	EndGlobalSection
EndGlobal
